
Microsoft Visual Studio Solution File, Format Version 12.00
# Visual Studio Version 17
VisualStudioVersion = 17.0.32014.148
MinimumVisualStudioVersion = 10.0.40219.1
Project("{9A19103F-16F7-4668-BE54-9A1E7A4F7556}") = "Basis", "Basis\Basis.csproj", "{EF22FA27-9A04-473E-BE11-94F5C9A64AC4}"
EndProject
Project("{FAE04EC0-301F-11D3-BF4B-00C04F79EFBC}") = "HomeWorks", "HomeWorks\HomeWorks.csproj", "{C8129647-E765-4AA2-B2F6-17EE0355E893}"
EndProject
Project("{FAE04EC0-301F-11D3-BF4B-00C04F79EFBC}") = "ProverkaChislaNaChetnost", "ProverkaChislaNaChetnost\ProverkaChislaNaChetnost.csproj", "{8C337D8E-4C97-4549-8FB1-890D1A84783C}"
EndProject
Project("{FAE04EC0-301F-11D3-BF4B-00C04F79EFBC}") = "Calculator", "Calculator\Calculator.csproj", "{3CDCA0B0-51A4-4CFE-9BA1-26F4311AC40F}"
EndProject
Project("{FAE04EC0-301F-11D3-BF4B-00C04F79EFBC}") = "ChetNeChet", "ChetNeChet\ChetNeChet.csproj", "{CA622F01-C139-4149-946C-34B596745C38}"
EndProject
Global
	GlobalSection(SolutionConfigurationPlatforms) = preSolution
		Debug|Any CPU = Debug|Any CPU
		Release|Any CPU = Release|Any CPU
	EndGlobalSection
	GlobalSection(ProjectConfigurationPlatforms) = postSolution
		{EF22FA27-9A04-473E-BE11-94F5C9A64AC4}.Debug|Any CPU.ActiveCfg = Debug|Any CPU
		{EF22FA27-9A04-473E-BE11-94F5C9A64AC4}.Debug|Any CPU.Build.0 = Debug|Any CPU
		{EF22FA27-9A04-473E-BE11-94F5C9A64AC4}.Release|Any CPU.ActiveCfg = Release|Any CPU
		{EF22FA27-9A04-473E-BE11-94F5C9A64AC4}.Release|Any CPU.Build.0 = Release|Any CPU
		{C8129647-E765-4AA2-B2F6-17EE0355E893}.Debug|Any CPU.ActiveCfg = Debug|Any CPU
		{C8129647-E765-4AA2-B2F6-17EE0355E893}.Debug|Any CPU.Build.0 = Debug|Any CPU
		{C8129647-E765-4AA2-B2F6-17EE0355E893}.Release|Any CPU.ActiveCfg = Release|Any CPU
		{C8129647-E765-4AA2-B2F6-17EE0355E893}.Release|Any CPU.Build.0 = Release|Any CPU
		{8C337D8E-4C97-4549-8FB1-890D1A84783C}.Debug|Any CPU.ActiveCfg = Debug|Any CPU
		{8C337D8E-4C97-4549-8FB1-890D1A84783C}.Debug|Any CPU.Build.0 = Debug|Any CPU
		{8C337D8E-4C97-4549-8FB1-890D1A84783C}.Release|Any CPU.ActiveCfg = Release|Any CPU
		{8C337D8E-4C97-4549-8FB1-890D1A84783C}.Release|Any CPU.Build.0 = Release|Any CPU
		{3CDCA0B0-51A4-4CFE-9BA1-26F4311AC40F}.Debug|Any CPU.ActiveCfg = Debug|Any CPU
		{3CDCA0B0-51A4-4CFE-9BA1-26F4311AC40F}.Debug|Any CPU.Build.0 = Debug|Any CPU
		{3CDCA0B0-51A4-4CFE-9BA1-26F4311AC40F}.Release|Any CPU.ActiveCfg = Release|Any CPU
		{3CDCA0B0-51A4-4CFE-9BA1-26F4311AC40F}.Release|Any CPU.Build.0 = Release|Any CPU
		{CA622F01-C139-4149-946C-34B596745C38}.Debug|Any CPU.ActiveCfg = Debug|Any CPU
		{CA622F01-C139-4149-946C-34B596745C38}.Debug|Any CPU.Build.0 = Debug|Any CPU
		{CA622F01-C139-4149-946C-34B596745C38}.Release|Any CPU.ActiveCfg = Release|Any CPU
		{CA622F01-C139-4149-946C-34B596745C38}.Release|Any CPU.Build.0 = Release|Any CPU
	EndGlobalSection
	GlobalSection(SolutionProperties) = preSolution
		HideSolutionNode = FALSE
	EndGlobalSection
	GlobalSection(ExtensibilityGlobals) = postSolution
		SolutionGuid = {3794D30B-F33C-4869-83A0-411F3AE86539}
	EndGlobalSection
EndGlobal
